
Microsoft Visual Studio Solution File, Format Version 12.00
# Visual Studio Version 16
VisualStudioVersion = 16.0.31424.327
MinimumVisualStudioVersion = 10.0.40219.1
Project("{FAE04EC0-301F-11D3-BF4B-00C04F79EFBC}") = "WebShopAPI", "WebShopAPI.csproj", "{919F64DA-EFBB-4FC2-81D9-487CC011AAFF}"
EndProject
Global
	GlobalSection(SolutionConfigurationPlatforms) = preSolution
		Debug|Any CPU = Debug|Any CPU
		Release|Any CPU = Release|Any CPU
	EndGlobalSection
	GlobalSection(ProjectConfigurationPlatforms) = postSolution
		{919F64DA-EFBB-4FC2-81D9-487CC011AAFF}.Debug|Any CPU.ActiveCfg = Debug|Any CPU
		{919F64DA-EFBB-4FC2-81D9-487CC011AAFF}.Debug|Any CPU.Build.0 = Debug|Any CPU
		{919F64DA-EFBB-4FC2-81D9-487CC011AAFF}.Release|Any CPU.ActiveCfg = Release|Any CPU
		{919F64DA-EFBB-4FC2-81D9-487CC011AAFF}.Release|Any CPU.Build.0 = Release|Any CPU
	EndGlobalSection
	GlobalSection(SolutionProperties) = preSolution
		HideSolutionNode = FALSE
	EndGlobalSection
	GlobalSection(ExtensibilityGlobals) = postSolution
		SolutionGuid = {847BE3D2-E3F5-4B50-95AB-58FE48944E09}
	EndGlobalSection
EndGlobal
