
Microsoft Visual Studio Solution File, Format Version 12.00
# Visual Studio Version 16
VisualStudioVersion = 16.0.31424.327
MinimumVisualStudioVersion = 10.0.40219.1
Project("{FAE04EC0-301F-11D3-BF4B-00C04F79EFBC}") = "WebShopReactCore", "WebShopReactCore.csproj", "{7686B646-EA87-42B7-85AF-AE88D90AFA65}"
EndProject
Global
	GlobalSection(SolutionConfigurationPlatforms) = preSolution
		Debug|Any CPU = Debug|Any CPU
		Release|Any CPU = Release|Any CPU
	EndGlobalSection
	GlobalSection(ProjectConfigurationPlatforms) = postSolution
		{7686B646-EA87-42B7-85AF-AE88D90AFA65}.Debug|Any CPU.ActiveCfg = Debug|Any CPU
		{7686B646-EA87-42B7-85AF-AE88D90AFA65}.Debug|Any CPU.Build.0 = Debug|Any CPU
		{7686B646-EA87-42B7-85AF-AE88D90AFA65}.Release|Any CPU.ActiveCfg = Release|Any CPU
		{7686B646-EA87-42B7-85AF-AE88D90AFA65}.Release|Any CPU.Build.0 = Release|Any CPU
	EndGlobalSection
	GlobalSection(SolutionProperties) = preSolution
		HideSolutionNode = FALSE
	EndGlobalSection
	GlobalSection(ExtensibilityGlobals) = postSolution
		SolutionGuid = {421F2DEF-3187-4B47-AF5D-4E18DA66C8EB}
	EndGlobalSection
EndGlobal
